
Microsoft Visual Studio Solution File, Format Version 12.00
# Visual Studio Version 16
VisualStudioVersion = 16.0.29905.134
MinimumVisualStudioVersion = 10.0.40219.1
Project("{9A19103F-16F7-4668-BE54-9A1E7A4F7556}") = "AspnetAPI", "AspnetAPI\AspnetAPI.csproj", "{9046329C-8954-45C5-92BA-49F3EC12D146}"
EndProject
Project("{9A19103F-16F7-4668-BE54-9A1E7A4F7556}") = "AspnetAPI.Tests", "AspnetAPI.Tests\AspnetAPI.Tests.csproj", "{FC5D8671-EE89-4B8C-8A28-E7DDA369D003}"
EndProject
Global
	GlobalSection(SolutionConfigurationPlatforms) = preSolution
		Debug|Any CPU = Debug|Any CPU
		Release|Any CPU = Release|Any CPU
	EndGlobalSection
	GlobalSection(ProjectConfigurationPlatforms) = postSolution
		{9046329C-8954-45C5-92BA-49F3EC12D146}.Debug|Any CPU.ActiveCfg = Debug|Any CPU
		{9046329C-8954-45C5-92BA-49F3EC12D146}.Debug|Any CPU.Build.0 = Debug|Any CPU
		{9046329C-8954-45C5-92BA-49F3EC12D146}.Release|Any CPU.ActiveCfg = Release|Any CPU
		{9046329C-8954-45C5-92BA-49F3EC12D146}.Release|Any CPU.Build.0 = Release|Any CPU
		{FC5D8671-EE89-4B8C-8A28-E7DDA369D003}.Debug|Any CPU.ActiveCfg = Debug|Any CPU
		{FC5D8671-EE89-4B8C-8A28-E7DDA369D003}.Debug|Any CPU.Build.0 = Debug|Any CPU
		{FC5D8671-EE89-4B8C-8A28-E7DDA369D003}.Release|Any CPU.ActiveCfg = Release|Any CPU
		{FC5D8671-EE89-4B8C-8A28-E7DDA369D003}.Release|Any CPU.Build.0 = Release|Any CPU
	EndGlobalSection
	GlobalSection(SolutionProperties) = preSolution
		HideSolutionNode = FALSE
	EndGlobalSection
	GlobalSection(ExtensibilityGlobals) = postSolution
		SolutionGuid = {04465C06-F187-4F15-B029-B1AA7633F8CC}
	EndGlobalSection
EndGlobal
